GIT
  remote: https://github.com/basecamp/kamal.git
  revision: aa2ceaa92a896aa2473ece6226082b2b17765b44
  tag: v2.7.0
  specs:
    kamal (2.7.0)
      activesupport (>= 7.0)
      base64 (~> 0.2)
      bcrypt_pbkdf (~> 1.0)
      concurrent-ruby (~> 1.2)
      dotenv (~> 3.1)
      ed25519 (~> 1.4)
      net-ssh (~> 7.3)
      sshkit (>= 1.23.0, < 2.0)
      thor (~> 1.3)
      zeitwerk (>= 2.6.18, < 3.0)

GIT
  remote: https://github.com/basecamp/thruster.git
  revision: 33931ae2c866b51df067b9b8f3c76db23b320d2c
  tag: v0.1.15
  specs:
    thruster (0.1.15)
    thruster (0.1.15-aarch64-linux)
    thruster (0.1.15-arm64-darwin)
    thruster (0.1.15-x86_64-darwin)
    thruster (0.1.15-x86_64-linux)

GIT
  remote: https://github.com/ged/ruby-pg.git
  revision: f8964af54218b4bf1c90e9b27b48c751f33de752
  tag: v1.6.2
  specs:
    pg (1.6.2)
    pg (1.6.2-aarch64-linux)
    pg (1.6.2-aarch64-linux-musl)
    pg (1.6.2-arm64-darwin)
    pg (1.6.2-x86_64-darwin)
    pg (1.6.2-x86_64-linux)
    pg (1.6.2-x86_64-linux-musl)

GIT
  remote: https://github.com/hotwired/stimulus-rails.git
  revision: 8e34f2e4dd7716224317b635db1e5d9ed58324b1
  tag: v1.3.4
  specs:
    stimulus-rails (1.3.4)
      railties (>= 6.0.0)

GIT
  remote: https://github.com/hotwired/turbo-rails.git
  revision: 4898a6b9ece48d3f81ec9f631d7fdc9a0f3338d5
  tag: v2.0.17
  specs:
    turbo-rails (2.0.17)
      actionpack (>= 7.1.0)
      railties (>= 7.1.0)

GIT
  remote: https://github.com/presidentbeef/brakeman.git
  revision: 3bc215446bf6c901287d8a142deadfa9a107353d
  tag: v7.1.0
  specs:
    brakeman (7.1.0)
      csv
      erubis (~> 2.6)
      haml (< 7.0)
      highline (~> 3.0)
      parallel (~> 1.20)
      prism (~> 1.0)
      racc
      rexml (~> 3.0)
      ruby2ruby (~> 2.5.1)
      ruby_parser (~> 3.20.2)
      sexp_processor (~> 4.7)
      slim (>= 1.3.6, < 5.3)
      terminal-table (< 5.0)

GIT
  remote: https://github.com/puma/puma.git
  revision: 715fd6b4cc5e64d1aca2c219af5e09613fc3483c
  tag: v7.1.0
  specs:
    puma (7.1.0)
      nio4r (~> 2.0)

GIT
  remote: https://github.com/rails/bootsnap.git
  revision: 9c1efc30ddfef97779aed5d422ab8b1b60cab0c3
  tag: v1.18.6
  specs:
    bootsnap (1.18.6)
      msgpack (~> 1.2)

GIT
  remote: https://github.com/rails/importmap-rails.git
  revision: b61a1f9d771c1f45a657788813e898370023dcf5
  tag: v2.2.2
  specs:
    importmap-rails (2.2.2)
      actionpack (>= 6.0.0)
      activesupport (>= 6.0.0)
      railties (>= 6.0.0)

GIT
  remote: https://github.com/rails/jbuilder.git
  revision: 28f0a5c63f82c89ae93a24eabfcc842f356f95b4
  tag: v2.14.1
  specs:
    jbuilder (2.14.1)
      actionview (>= 7.0.0)
      activesupport (>= 7.0.0)

GIT
  remote: https://github.com/rails/propshaft.git
  revision: 27586d9c786eebeb0600768e1d2652a5ea698b05
  tag: v1.3.1
  specs:
    propshaft (1.3.1)
      actionpack (>= 7.0.0)
      activesupport (>= 7.0.0)
      rack

GIT
  remote: https://github.com/rails/rails.git
  revision: 9328b9b42c7cd37e539917ef14d093edb8ab2ae4
  tag: v8.0.3
  specs:
    actioncable (8.0.3)
      actionpack (= 8.0.3)
      activesupport (= 8.0.3)
      nio4r (~> 2.0)
      websocket-driver (>= 0.6.1)
      zeitwerk (~> 2.6)
    actionmailbox (8.0.3)
      actionpack (= 8.0.3)
      activejob (= 8.0.3)
      activerecord (= 8.0.3)
      activestorage (= 8.0.3)
      activesupport (= 8.0.3)
      mail (>= 2.8.0)
    actionmailer (8.0.3)
      actionpack (= 8.0.3)
      actionview (= 8.0.3)
      activejob (= 8.0.3)
      activesupport (= 8.0.3)
      mail (>= 2.8.0)
      rails-dom-testing (~> 2.2)
    actionpack (8.0.3)
      actionview (= 8.0.3)
      activesupport (= 8.0.3)
      nokogiri (>= 1.8.5)
      rack (>= 2.2.4)
      rack-session (>= 1.0.1)
      rack-test (>= 0.6.3)
      rails-dom-testing (~> 2.2)
      rails-html-sanitizer (~> 1.6)
      useragent (~> 0.16)
    actiontext (8.0.3)
      actionpack (= 8.0.3)
      activerecord (= 8.0.3)
      activestorage (= 8.0.3)
      activesupport (= 8.0.3)
      globalid (>= 0.6.0)
      nokogiri (>= 1.8.5)
    actionview (8.0.3)
      activesupport (= 8.0.3)
      builder (~> 3.1)
      erubi (~> 1.11)
      rails-dom-testing (~> 2.2)
      rails-html-sanitizer (~> 1.6)
    activejob (8.0.3)
      activesupport (= 8.0.3)
      globalid (>= 0.3.6)
    activemodel (8.0.3)
      activesupport (= 8.0.3)
    activerecord (8.0.3)
      activemodel (= 8.0.3)
      activesupport (= 8.0.3)
      timeout (>= 0.4.0)
    activestorage (8.0.3)
      actionpack (= 8.0.3)
      activejob (= 8.0.3)
      activerecord (= 8.0.3)
      activesupport (= 8.0.3)
      marcel (~> 1.0)
    activesupport (8.0.3)
      base64
      benchmark (>= 0.3)
      bigdecimal
      concurrent-ruby (~> 1.0, >= 1.3.1)
      connection_pool (>= 2.2.5)
      drb
      i18n (>= 1.6, < 2)
      logger (>= 1.4.2)
      minitest (>= 5.1)
      securerandom (>= 0.3)
      tzinfo (~> 2.0, >= 2.0.5)
      uri (>= 0.13.1)
    rails (8.0.3)
      actioncable (= 8.0.3)
      actionmailbox (= 8.0.3)
      actionmailer (= 8.0.3)
      actionpack (= 8.0.3)
      actiontext (= 8.0.3)
      actionview (= 8.0.3)
      activejob (= 8.0.3)
      activemodel (= 8.0.3)
      activerecord (= 8.0.3)
      activestorage (= 8.0.3)
      activesupport (= 8.0.3)
      bundler (>= 1.15.0)
      railties (= 8.0.3)
    railties (8.0.3)
      actionpack (= 8.0.3)
      activesupport (= 8.0.3)
      irb (~> 1.13)
      rackup (>= 1.0.0)
      rake (>= 12.2)
      thor (~> 1.0, >= 1.2.2)
      tsort (>= 0.2)
      zeitwerk (~> 2.6)

GIT
  remote: https://github.com/rails/rubocop-rails-omakase.git
  revision: 22f9a06efb3503694e577505d9b74c24e14448a1
  tag: v1.1.0
  specs:
    rubocop-rails-omakase (1.1.0)
      rubocop (>= 1.72)
      rubocop-performance (>= 1.24)
      rubocop-rails (>= 2.30)

GIT
  remote: https://github.com/rails/solid_cable.git
  revision: 153ae42309aa7f5361788b8dda1fe057ec314e75
  tag: v3.0.12
  specs:
    solid_cable (3.0.12)
      actioncable (>= 7.2)
      activejob (>= 7.2)
      activerecord (>= 7.2)
      railties (>= 7.2)

GIT
  remote: https://github.com/rails/solid_cache.git
  revision: 002656ea7722c71c5dd99ad5e2cbc5bc1e0073a7
  tag: v1.0.8
  specs:
    solid_cache (1.0.8)
      activejob (>= 7.2)
      activerecord (>= 7.2)
      railties (>= 7.2)

GIT
  remote: https://github.com/rails/solid_queue.git
  revision: f4724eef921234e52375f058fc241b0dd38404c1
  tag: v1.2.1
  specs:
    solid_queue (1.2.1)
      activejob (>= 7.1)
      activerecord (>= 7.1)
      concurrent-ruby (>= 1.3.1)
      fugit (~> 1.11.0)
      railties (>= 7.1)
      thor (>= 1.3.1)

GIT
  remote: https://github.com/rails/web-console.git
  revision: f3890687d8f866c5e6ce3e62815532f7cb376934
  tag: v4.2.1
  specs:
    web-console (4.2.1)
      actionview (>= 6.0.0)
      activemodel (>= 6.0.0)
      bindex (>= 0.4.0)
      railties (>= 6.0.0)

GIT
  remote: https://github.com/ruby/debug.git
  revision: 6f80317d3f59ed9b0034b20eee81ed28c6ee2483
  tag: v1.11.0
  specs:
    debug (1.11.0)
      irb (~> 1.10)
      reline (>= 0.3.8)

GIT
  remote: https://github.com/tzinfo/tzinfo-data.git
  revision: 629f732b276f4645ff1513a3a36da2b0056a0ab6
  tag: v1.2025.2
  specs:

GEM
  remote: https://rubygems.org/
  specs:
    ast (2.4.3)
    base64 (0.3.0)
    bcrypt_pbkdf (1.1.1)
    benchmark (0.4.1)
    bigdecimal (3.3.1)
    bindex (0.8.1)
    builder (3.3.0)
    concurrent-ruby (1.3.5)
    connection_pool (2.5.4)
    crass (1.0.6)
    csv (3.3.5)
    date (3.4.1)
    dotenv (3.1.8)
    drb (2.2.3)
    ed25519 (1.4.0)
    erb (5.1.1)
    erubi (1.13.1)
    erubis (2.7.0)
    et-orbi (1.4.0)
      tzinfo
    fugit (1.11.2)
      et-orbi (~> 1, >= 1.2.11)
      raabro (~> 1.4)
    globalid (1.3.0)
      activesupport (>= 6.1)
    haml (6.3.0)
      temple (>= 0.8.2)
      thor
      tilt
    highline (3.1.2)
      reline
    i18n (1.14.7)
      concurrent-ruby (~> 1.0)
    io-console (0.8.1)
    irb (1.15.2)
      pp (>= 0.6.0)
      rdoc (>= 4.0.0)
      reline (>= 0.4.2)
    json (2.15.1)
    language_server-protocol (3.17.0.5)
    lint_roller (1.1.0)
    logger (1.7.0)
    loofah (2.24.1)
      crass (~> 1.0.2)
      nokogiri (>= 1.12.0)
    mail (2.8.1)
      mini_mime (>= 0.1.1)
      net-imap
      net-pop
      net-smtp
    marcel (1.1.0)
    mini_mime (1.1.5)
    minitest (5.26.0)
    msgpack (1.8.0)
    net-imap (0.5.12)
      date
      net-protocol
    net-pop (0.1.2)
      net-protocol
    net-protocol (0.2.2)
      timeout
    net-scp (4.1.0)
      net-ssh (>= 2.6.5, < 8.0.0)
    net-sftp (4.0.0)
      net-ssh (>= 5.0.0, < 8.0.0)
    net-smtp (0.5.1)
      net-protocol
    net-ssh (7.3.0)
    nio4r (2.7.4)
    nokogiri (1.18.10-aarch64-linux-gnu)
      racc (~> 1.4)
    nokogiri (1.18.10-aarch64-linux-musl)
      racc (~> 1.4)
    nokogiri (1.18.10-arm-linux-gnu)
      racc (~> 1.4)
    nokogiri (1.18.10-arm-linux-musl)
      racc (~> 1.4)
    nokogiri (1.18.10-arm64-darwin)
      racc (~> 1.4)
    nokogiri (1.18.10-x86_64-darwin)
      racc (~> 1.4)
    nokogiri (1.18.10-x86_64-linux-gnu)
      racc (~> 1.4)
    nokogiri (1.18.10-x86_64-linux-musl)
      racc (~> 1.4)
    ostruct (0.6.3)
    parallel (1.27.0)
    parser (3.3.9.0)
      ast (~> 2.4.1)
      racc
    pp (0.6.3)
      prettyprint
    prettyprint (0.2.0)
    prism (1.6.0)
    psych (5.2.6)
      date
      stringio
    raabro (1.4.0)
    racc (1.8.1)
    rack (3.2.3)
    rack-session (2.1.1)
      base64 (>= 0.1.0)
      rack (>= 3.0.0)
    rack-test (2.2.0)
      rack (>= 1.3)
    rackup (2.2.1)
      rack (>= 3)
    rails-dom-testing (2.3.0)
      activesupport (>= 5.0.0)
      minitest
      nokogiri (>= 1.6)
    rails-html-sanitizer (1.6.2)
      loofah (~> 2.21)
      nokogiri (>= 1.15.7, != 1.16.7, != 1.16.6, != 1.16.5, != 1.16.4, != 1.16.3, != 1.16.2, != 1.16.1, != 1.16.0.rc1, != 1.16.0)
    rainbow (3.1.1)
    rake (13.3.0)
    rdoc (6.15.0)
      erb
      psych (>= 4.0.0)
      tsort
    regexp_parser (2.11.3)
    reline (0.6.2)
      io-console (~> 0.5)
    rexml (3.4.4)
    rubocop (1.81.1)
      json (~> 2.3)
      language_server-protocol (~> 3.17.0.2)
      lint_roller (~> 1.1.0)
      parallel (~> 1.10)
      parser (>= 3.3.0.2)
      rainbow (>= 2.2.2, < 4.0)
      regexp_parser (>= 2.9.3, < 3.0)
      rubocop-ast (>= 1.47.1, < 2.0)
      ruby-progressbar (~> 1.7)
      unicode-display_width (>= 2.4.0, < 4.0)
    rubocop-ast (1.47.1)
      parser (>= 3.3.7.2)
      prism (~> 1.4)
    rubocop-performance (1.26.1)
      lint_roller (~> 1.1)
      rubocop (>= 1.75.0, < 2.0)
      rubocop-ast (>= 1.47.1, < 2.0)
    rubocop-rails (2.33.4)
      activesupport (>= 4.2.0)
      lint_roller (~> 1.1)
      rack (>= 1.1)
      rubocop (>= 1.75.0, < 2.0)
      rubocop-ast (>= 1.44.0, < 2.0)
    ruby-progressbar (1.13.0)
    ruby2ruby (2.5.2)
      ruby_parser (~> 3.1)
      sexp_processor (~> 4.6)
    ruby_parser (3.20.3)
      sexp_processor (~> 4.16)
    securerandom (0.4.1)
    sexp_processor (4.17.4)
    slim (5.2.1)
      temple (~> 0.10.0)
      tilt (>= 2.1.0)
    sshkit (1.24.0)
      base64
      logger
      net-scp (>= 1.1.2)
      net-sftp (>= 2.1.2)
      net-ssh (>= 2.8.0)
      ostruct
    stringio (3.1.7)
    temple (0.10.4)
    terminal-table (4.0.0)
      unicode-display_width (>= 1.1.1, < 4)
    thor (1.4.0)
    tilt (2.6.1)
    timeout (0.4.3)
    tsort (0.2.0)
    tzinfo (2.0.6)
      concurrent-ruby (~> 1.0)
    unicode-display_width (3.2.0)
      unicode-emoji (~> 4.1)
    unicode-emoji (4.1.0)
    uri (1.0.4)
    useragent (0.16.11)
    websocket-driver (0.8.0)
      base64
      websocket-extensions (>= 0.1.0)
    websocket-extensions (0.1.5)
    zeitwerk (2.7.3)

PLATFORMS
  aarch64-linux
  aarch64-linux-gnu
  aarch64-linux-musl
  arm-linux-gnu
  arm-linux-musl
  arm64-darwin
  x86_64-darwin
  x86_64-linux
  x86_64-linux-gnu
  x86_64-linux-musl

DEPENDENCIES
  bootsnap!
  brakeman!
  debug!
  importmap-rails!
  jbuilder!
  kamal!
  pg!
  propshaft!
  puma!
  rails!
  rubocop-rails-omakase!
  solid_cable!
  solid_cache!
  solid_queue!
  stimulus-rails!
  thruster!
  turbo-rails!
  tzinfo-data!
  web-console!

BUNDLED WITH
   2.7.2
